
Microsoft Visual Studio Solution File, Format Version 12.00
# Visual Studio 15
VisualStudioVersion = 15.0.28307.329
MinimumVisualStudioVersion = 10.0.40219.1
Project("{FAE04EC0-301F-11D3-BF4B-00C04F79EFBC}") = "SpaceInvaders", "SpaceInvaders\SpaceInvaders.csproj", "{BC6E7FCF-46C8-483D-A689-C004766901D1}"
EndProject
Global
	GlobalSection(SolutionConfigurationPlatforms) = preSolution
		Debug|Any CPU = Debug|Any CPU
		Release|Any CPU = Release|Any CPU
	EndGlobalSection
	GlobalSection(ProjectConfigurationPlatforms) = postSolution
		{BC6E7FCF-46C8-483D-A689-C004766901D1}.Debug|Any CPU.ActiveCfg = Debug|Any CPU
		{BC6E7FCF-46C8-483D-A689-C004766901D1}.Debug|Any CPU.Build.0 = Debug|Any CPU
		{BC6E7FCF-46C8-483D-A689-C004766901D1}.Release|Any CPU.ActiveCfg = Release|Any CPU
		{BC6E7FCF-46C8-483D-A689-C004766901D1}.Release|Any CPU.Build.0 = Release|Any CPU
	EndGlobalSection
	GlobalSection(SolutionProperties) = preSolution
		HideSolutionNode = FALSE
	EndGlobalSection
	GlobalSection(ExtensibilityGlobals) = postSolution
		SolutionGuid = {C6CEAEC8-85BE-4CB7-86B5-D3349C21DBF0}
	EndGlobalSection
EndGlobal
